
Microsoft Visual Studio Solution File, Format Version 12.00
# Visual Studio Version 16
VisualStudioVersion = 16.0.30406.217
MinimumVisualStudioVersion = 10.0.40219.1
Project("{9A19103F-16F7-4668-BE54-9A1E7A4F7556}") = "Retail.Customer.Rewards.Api", "Retail.Customer.Rewards\Retail.Customer.Rewards.Api.csproj", "{35D37F2F-224E-4139-B1D2-36508327425B}"
EndProject
Project("{9A19103F-16F7-4668-BE54-9A1E7A4F7556}") = "Retail.Customer.Rewards.Test", "Retail.Customer.Rewards.Test\Retail.Customer.Rewards.Test.csproj", "{A0853885-114E-416F-BDA6-1582C99AB729}"
	ProjectSection(ProjectDependencies) = postProject
		{35D37F2F-224E-4139-B1D2-36508327425B} = {35D37F2F-224E-4139-B1D2-36508327425B}
	EndProjectSection
EndProject
Project("{9A19103F-16F7-4668-BE54-9A1E7A4F7556}") = "Retail.Customer.Rewards.Data", "Retail.Customer.Rewards.Data\Retail.Customer.Rewards.Data.csproj", "{E51FD922-7DA8-43ED-B1F7-789D6BD122B9}"
EndProject
Project("{FAE04EC0-301F-11D3-BF4B-00C04F79EFBC}") = "Retail.Customer.Rewards.Services", "Retail.Customer.Rewards.Services\Retail.Customer.Rewards.Services.csproj", "{24827A49-E865-4ACB-ADD1-3C3BD9FD14F7}"
EndProject
Project("{FAE04EC0-301F-11D3-BF4B-00C04F79EFBC}") = "Retail.Customer.Rewards.DTO", "Retail.Customer.Rewards.DTO\Retail.Customer.Rewards.DTO.csproj", "{C8CEAA37-1371-4EDB-BEFE-B67A1DA5B335}"
EndProject
Project("{2150E333-8FDC-42A3-9474-1A3956D46DE8}") = "Solution Items", "Solution Items", "{DB61FF4D-E007-412B-94A2-13B27970BB5C}"
	ProjectSection(SolutionItems) = preProject
		ReadMe.txt = ReadMe.txt
		..\..\..\..\Users\manoj\OneDrive\Desktop\Sql.png = ..\..\..\..\Users\manoj\OneDrive\Desktop\Sql.png
	EndProjectSection
EndProject
Global
	GlobalSection(SolutionConfigurationPlatforms) = preSolution
		Debug|Any CPU = Debug|Any CPU
		Release|Any CPU = Release|Any CPU
	EndGlobalSection
	GlobalSection(ProjectConfigurationPlatforms) = postSolution
		{35D37F2F-224E-4139-B1D2-36508327425B}.Debug|Any CPU.ActiveCfg = Debug|Any CPU
		{35D37F2F-224E-4139-B1D2-36508327425B}.Debug|Any CPU.Build.0 = Debug|Any CPU
		{35D37F2F-224E-4139-B1D2-36508327425B}.Release|Any CPU.ActiveCfg = Release|Any CPU
		{35D37F2F-224E-4139-B1D2-36508327425B}.Release|Any CPU.Build.0 = Release|Any CPU
		{A0853885-114E-416F-BDA6-1582C99AB729}.Debug|Any CPU.ActiveCfg = Debug|Any CPU
		{A0853885-114E-416F-BDA6-1582C99AB729}.Debug|Any CPU.Build.0 = Debug|Any CPU
		{A0853885-114E-416F-BDA6-1582C99AB729}.Release|Any CPU.ActiveCfg = Release|Any CPU
		{A0853885-114E-416F-BDA6-1582C99AB729}.Release|Any CPU.Build.0 = Release|Any CPU
		{E51FD922-7DA8-43ED-B1F7-789D6BD122B9}.Debug|Any CPU.ActiveCfg = Debug|Any CPU
		{E51FD922-7DA8-43ED-B1F7-789D6BD122B9}.Debug|Any CPU.Build.0 = Debug|Any CPU
		{E51FD922-7DA8-43ED-B1F7-789D6BD122B9}.Release|Any CPU.ActiveCfg = Release|Any CPU
		{E51FD922-7DA8-43ED-B1F7-789D6BD122B9}.Release|Any CPU.Build.0 = Release|Any CPU
		{24827A49-E865-4ACB-ADD1-3C3BD9FD14F7}.Debug|Any CPU.ActiveCfg = Debug|Any CPU
		{24827A49-E865-4ACB-ADD1-3C3BD9FD14F7}.Debug|Any CPU.Build.0 = Debug|Any CPU
		{24827A49-E865-4ACB-ADD1-3C3BD9FD14F7}.Release|Any CPU.ActiveCfg = Release|Any CPU
		{24827A49-E865-4ACB-ADD1-3C3BD9FD14F7}.Release|Any CPU.Build.0 = Release|Any CPU
		{C8CEAA37-1371-4EDB-BEFE-B67A1DA5B335}.Debug|Any CPU.ActiveCfg = Debug|Any CPU
		{C8CEAA37-1371-4EDB-BEFE-B67A1DA5B335}.Debug|Any CPU.Build.0 = Debug|Any CPU
		{C8CEAA37-1371-4EDB-BEFE-B67A1DA5B335}.Release|Any CPU.ActiveCfg = Release|Any CPU
		{C8CEAA37-1371-4EDB-BEFE-B67A1DA5B335}.Release|Any CPU.Build.0 = Release|Any CPU
	EndGlobalSection
	GlobalSection(SolutionProperties) = preSolution
		HideSolutionNode = FALSE
	EndGlobalSection
	GlobalSection(ExtensibilityGlobals) = postSolution
		SolutionGuid = {DB848D1B-CF56-4C7C-A975-19C8149DDF79}
	EndGlobalSection
EndGlobal
